# This file is automatically @generated by Poetry 1.6.1 and should not be changed by hand.

[[package]]
name = "joblib"
version = "1.1.1"
description = "Lightweight pipelining with Python functions"
optional = false
python-versions = ">=3.6"
files = [
    {file = "joblib-1.1.1-py2.py3-none-any.whl", hash = "sha256:f9d6c3cdf2a7778e9058e10e9dba028e47771a1a355e5768f46704bf05342eba"},
    {file = "joblib-1.1.1.tar.gz", hash = "sha256:301f0375f49586a7effee3f6348c419d5765fca1c750186b20690a0d90b82900"},
]

[[package]]
name = "numpy"
version = "1.19.3"
description = "NumPy is the fundamental package for array computing with Python."
optional = false
python-versions = ">=3.6"
files = [
    {file = "numpy-1.19.3-cp36-cp36m-macosx_10_9_x86_64.whl", hash = "sha256:942d2cdcb362739908c26ce8dd88db6e139d3fa829dd7452dd9ff02cba6b58b2"},
    {file = "numpy-1.19.3-cp36-cp36m-manylinux1_i686.whl", hash = "sha256:efd656893171bbf1331beca4ec9f2e74358fc732a2084f664fd149cc4b3441d2"},
    {file = "numpy-1.19.3-cp36-cp36m-manylinux1_x86_64.whl", hash = "sha256:1a307bdd3dd444b1d0daa356b5f4c7de2e24d63bdc33ea13ff718b8ec4c6a268"},
    {file = "numpy-1.19.3-cp36-cp36m-manylinux2010_i686.whl", hash = "sha256:9d08d84bb4128abb9fbd9f073e5c69f70e5dab991a9c42e5b4081ea5b01b5db0"},
    {file = "numpy-1.19.3-cp36-cp36m-manylinux2010_x86_64.whl", hash = "sha256:7197ee0a25629ed782c7bd01871ee40702ffeef35bc48004bc2fdcc71e29ba9d"},
    {file = "numpy-1.19.3-cp36-cp36m-manylinux2014_aarch64.whl", hash = "sha256:8edc4d687a74d0a5f8b9b26532e860f4f85f56c400b3a98899fc44acb5e27add"},
    {file = "numpy-1.19.3-cp36-cp36m-win32.whl", hash = "sha256:522053b731e11329dd52d258ddf7de5288cae7418b55e4b7d32f0b7e31787e9d"},
    {file = "numpy-1.19.3-cp36-cp36m-win_amd64.whl", hash = "sha256:eefc13863bf01583a85e8c1121a901cc7cb8f059b960c4eba30901e2e6aba95f"},
    {file = "numpy-1.19.3-cp37-cp37m-macosx_10_9_x86_64.whl", hash = "sha256:6ff88bcf1872b79002569c63fe26cd2cda614e573c553c4d5b814fb5eb3d2822"},
    {file = "numpy-1.19.3-cp37-cp37m-manylinux1_i686.whl", hash = "sha256:e080087148fd70469aade2abfeadee194357defd759f9b59b349c6192aba994c"},
    {file = "numpy-1.19.3-cp37-cp37m-manylinux1_x86_64.whl", hash = "sha256:50f68ebc439821b826823a8da6caa79cd080dee2a6d5ab9f1163465a060495ed"},
    {file = "numpy-1.19.3-cp37-cp37m-manylinux2010_i686.whl", hash = "sha256:b9074d062d30c2779d8af587924f178a539edde5285d961d2dfbecbac9c4c931"},
    {file = "numpy-1.19.3-cp37-cp37m-manylinux2010_x86_64.whl", hash = "sha256:463792a249a81b9eb2b63676347f996d3f0082c2666fd0604f4180d2e5445996"},
    {file = "numpy-1.19.3-cp37-cp37m-manylinux2014_aarch64.whl", hash = "sha256:ea6171d2d8d648dee717457d0f75db49ad8c2f13100680e284d7becf3dc311a6"},
    {file = "numpy-1.19.3-cp37-cp37m-win32.whl", hash = "sha256:0ee77786eebbfa37f2141fd106b549d37c89207a0d01d8852fde1c82e9bfc0e7"},
    {file = "numpy-1.19.3-cp37-cp37m-win_amd64.whl", hash = "sha256:271139653e8b7a046d11a78c0d33bafbddd5c443a5b9119618d0652a4eb3a09f"},
    {file = "numpy-1.19.3-cp38-cp38-macosx_10_9_x86_64.whl", hash = "sha256:e983cbabe10a8989333684c98fdc5dd2f28b236216981e0c26ed359aaa676772"},
    {file = "numpy-1.19.3-cp38-cp38-manylinux1_i686.whl", hash = "sha256:d78294f1c20f366cde8a75167f822538a7252b6e8b9d6dbfb3bdab34e7c1929e"},
    {file = "numpy-1.19.3-cp38-cp38-manylinux1_x86_64.whl", hash = "sha256:199bebc296bd8a5fc31c16f256ac873dd4d5b4928dfd50e6c4995570fc71a8f3"},
    {file = "numpy-1.19.3-cp38-cp38-manylinux2010_i686.whl", hash = "sha256:dffed17848e8b968d8d3692604e61881aa6ef1f8074c99e81647ac84f6038535"},
    {file = "numpy-1.19.3-cp38-cp38-manylinux2010_x86_64.whl", hash = "sha256:5ea4401ada0d3988c263df85feb33818dc995abc85b8125f6ccb762009e7bc68"},
    {file = "numpy-1.19.3-cp38-cp38-manylinux2014_aarch64.whl", hash = "sha256:604d2e5a31482a3ad2c88206efd43d6fcf666ada1f3188fd779b4917e49b7a98"},
    {file = "numpy-1.19.3-cp38-cp38-win32.whl", hash = "sha256:a2daea1cba83210c620e359de2861316f49cc7aea8e9a6979d6cb2ddab6dda8c"},
    {file = "numpy-1.19.3-cp38-cp38-win_amd64.whl", hash = "sha256:dfdc8b53aa9838b9d44ed785431ca47aa3efaa51d0d5dd9c412ab5247151a7c4"},
    {file = "numpy-1.19.3-cp39-cp39-macosx_10_9_x86_64.whl", hash = "sha256:9f7f56b5e85b08774939622b7d45a5d00ff511466522c44fc0756ac7692c00f2"},
    {file = "numpy-1.19.3-cp39-cp39-manylinux1_i686.whl", hash = "sha256:8802d23e4895e0c65e418abe67cdf518aa5cbb976d97f42fd591f921d6dffad0"},
    {file = "numpy-1.19.3-cp39-cp39-manylinux1_x86_64.whl", hash = "sha256:c4aa79993f5d856765819a3651117520e41ac3f89c3fc1cb6dee11aa562df6da"},
    {file = "numpy-1.19.3-cp39-cp39-manylinux2010_i686.whl", hash = "sha256:51e8d2ae7c7e985c7bebf218e56f72fa93c900ad0c8a7d9fbbbf362f45710f69"},
    {file = "numpy-1.19.3-cp39-cp39-manylinux2010_x86_64.whl", hash = "sha256:50d3513469acf5b2c0406e822d3f314d7ac5788c2b438c24e5dd54d5a81ef522"},
    {file = "numpy-1.19.3-cp39-cp39-manylinux2014_aarch64.whl", hash = "sha256:741d95eb2b505bb7a99fbf4be05fa69f466e240c2b4f2d3ddead4f1b5f82a5a5"},
    {file = "numpy-1.19.3-cp39-cp39-win32.whl", hash = "sha256:1ea7e859f16e72ab81ef20aae69216cfea870676347510da9244805ff9670170"},
    {file = "numpy-1.19.3-cp39-cp39-win_amd64.whl", hash = "sha256:83af653bb92d1e248ccf5fdb05ccc934c14b936bcfe9b917dc180d3f00250ac6"},
    {file = "numpy-1.19.3-pp36-pypy36_pp73-manylinux2010_x86_64.whl", hash = "sha256:9a0669787ba8c9d3bb5de5d9429208882fb47764aa79123af25c5edc4f5966b9"},
    {file = "numpy-1.19.3.zip", hash = "sha256:35bf5316af8dc7c7db1ad45bec603e5fb28671beb98ebd1d65e8059efcfd3b72"},
]

[[package]]
name = "scikit-learn"
version = "0.24.2"
description = "A set of python modules for machine learning and data mining"
optional = false
python-versions = ">=3.6"
files = [
    {file = "scikit-learn-0.24.2.tar.gz", hash = "sha256:d14701a12417930392cd3898e9646cf5670c190b933625ebe7511b1f7d7b8736"},
    {file = "scikit_learn-0.24.2-cp36-cp36m-macosx_10_13_x86_64.whl", hash = "sha256:d5bf9c863ba4717b3917b5227463ee06860fc43931dc9026747de416c0a10fee"},
    {file = "scikit_learn-0.24.2-cp36-cp36m-manylinux1_i686.whl", hash = "sha256:5beaeb091071625e83f5905192d8aecde65ba2f26f8b6719845bbf586f7a04a1"},
    {file = "scikit_learn-0.24.2-cp36-cp36m-manylinux1_x86_64.whl", hash = "sha256:06ffdcaaf81e2a3b1b50c3ac6842cfb13df2d8b737d61f64643ed61da7389cde"},
    {file = "scikit_learn-0.24.2-cp36-cp36m-manylinux2010_i686.whl", hash = "sha256:fec42690a2eb646b384eafb021c425fab48991587edb412d4db77acc358b27ce"},
    {file = "scikit_learn-0.24.2-cp36-cp36m-manylinux2010_x86_64.whl", hash = "sha256:5ff3e4e4cf7592d36541edec434e09fb8ab9ba6b47608c4ffe30c9038d301897"},
    {file = "scikit_learn-0.24.2-cp36-cp36m-manylinux2014_aarch64.whl", hash = "sha256:3cbd734e1aefc7c5080e6b6973fe062f97c26a1cdf1a991037ca196ce1c8f427"},
    {file = "scikit_learn-0.24.2-cp36-cp36m-win32.whl", hash = "sha256:f74429a07fedb36a03c159332b914e6de757176064f9fed94b5f79ebac07d913"},
    {file = "scikit_learn-0.24.2-cp36-cp36m-win_amd64.whl", hash = "sha256:dd968a174aa82f3341a615a033fa6a8169e9320cbb46130686562db132d7f1f0"},
    {file = "scikit_learn-0.24.2-cp37-cp37m-macosx_10_13_x86_64.whl", hash = "sha256:49ec0b1361da328da9bb7f1a162836028e72556356adeb53342f8fae6b450d47"},
    {file = "scikit_learn-0.24.2-cp37-cp37m-manylinux1_i686.whl", hash = "sha256:f18c3ed484eeeaa43a0d45dc2efb4d00fc6542ccdcfa2c45d7b635096a2ae534"},
    {file = "scikit_learn-0.24.2-cp37-cp37m-manylinux1_x86_64.whl", hash = "sha256:cdf24c1b9bbeb4936456b42ac5bd32c60bb194a344951acb6bfb0cddee5439a4"},
    {file = "scikit_learn-0.24.2-cp37-cp37m-manylinux2010_i686.whl", hash = "sha256:d177fe1ff47cc235942d628d41ee5b1c6930d8f009f1a451c39b5411e8d0d4cf"},
    {file = "scikit_learn-0.24.2-cp37-cp37m-manylinux2010_x86_64.whl", hash = "sha256:f3ec00f023d84526381ad0c0f2cff982852d035c921bbf8ceb994f4886c00c64"},
    {file = "scikit_learn-0.24.2-cp37-cp37m-manylinux2014_aarch64.whl", hash = "sha256:ae19ac105cf7ce8c205a46166992fdec88081d6e783ab6e38ecfbe45729f3c39"},
    {file = "scikit_learn-0.24.2-cp37-cp37m-win32.whl", hash = "sha256:f0ed4483c258fb23150e31b91ea7d25ff8495dba108aea0b0d4206a777705350"},
    {file = "scikit_learn-0.24.2-cp37-cp37m-win_amd64.whl", hash = "sha256:39b7e3b71bcb1fe46397185d6c1a5db1c441e71c23c91a31e7ad8cc3f7305f9a"},
    {file = "scikit_learn-0.24.2-cp38-cp38-macosx_10_13_x86_64.whl", hash = "sha256:90a297330f608adeb4d2e9786c6fda395d3150739deb3d42a86d9a4c2d15bc1d"},
    {file = "scikit_learn-0.24.2-cp38-cp38-manylinux1_i686.whl", hash = "sha256:f1d2108e770907540b5248977e4cff9ffaf0f73d0d13445ee938df06ca7579c6"},
    {file = "scikit_learn-0.24.2-cp38-cp38-manylinux1_x86_64.whl", hash = "sha256:1eec963fe9ffc827442c2e9333227c4d49749a44e592f305398c1db5c1563393"},
    {file = "scikit_learn-0.24.2-cp38-cp38-manylinux2010_i686.whl", hash = "sha256:2db429090b98045d71218a9ba913cc9b3fe78e0ba0b6b647d8748bc6d5a44080"},
    {file = "scikit_learn-0.24.2-cp38-cp38-manylinux2010_x86_64.whl", hash = "sha256:62214d2954377fcf3f31ec867dd4e436df80121e7a32947a0b3244f58f45e455"},
    {file = "scikit_learn-0.24.2-cp38-cp38-manylinux2014_aarch64.whl", hash = "sha256:8fac72b9688176922f9f54fda1ba5f7ffd28cbeb9aad282760186e8ceba9139a"},
    {file = "scikit_learn-0.24.2-cp38-cp38-win32.whl", hash = "sha256:ae426e3a52842c6b6d77d00f906b6031c8c2cfdfabd6af7511bb4bc9a68d720e"},
    {file = "scikit_learn-0.24.2-cp38-cp38-win_amd64.whl", hash = "sha256:038f4e9d6ef10e1f3fe82addc3a14735c299866eb10f2c77c090410904828312"},
    {file = "scikit_learn-0.24.2-cp39-cp39-macosx_10_13_x86_64.whl", hash = "sha256:48f273836e19901ba2beecd919f7b352f09310ce67c762f6e53bc6b81cacf1f0"},
    {file = "scikit_learn-0.24.2-cp39-cp39-manylinux1_i686.whl", hash = "sha256:a2a47449093dcf70babc930beba2ca0423cb7df2fa5fd76be5260703d67fa574"},
    {file = "scikit_learn-0.24.2-cp39-cp39-manylinux1_x86_64.whl", hash = "sha256:0e71ce9c7cbc20f6f8b860107ce15114da26e8675238b4b82b7e7cd37ca0c087"},
    {file = "scikit_learn-0.24.2-cp39-cp39-manylinux2010_i686.whl", hash = "sha256:2754c85b2287333f9719db7f23fb7e357f436deed512db3417a02bf6f2830aa5"},
    {file = "scikit_learn-0.24.2-cp39-cp39-manylinux2010_x86_64.whl", hash = "sha256:7be1b88c23cfac46e06404582215a917017cd2edaa2e4d40abe6aaff5458f24b"},
    {file = "scikit_learn-0.24.2-cp39-cp39-manylinux2014_aarch64.whl", hash = "sha256:4e6198675a6f9d333774671bd536668680eea78e2e81c0b19e57224f58d17f37"},
    {file = "scikit_learn-0.24.2-cp39-cp39-win32.whl", hash = "sha256:cbdb0b3db99dd1d5f69d31b4234367d55475add31df4d84a3bd690ef017b55e2"},
    {file = "scikit_learn-0.24.2-cp39-cp39-win_amd64.whl", hash = "sha256:40556bea1ef26ef54bc678d00cf138a63069144a0b5f3a436eecd8f3468b903e"},
]

[package.dependencies]
joblib = ">=0.11"
numpy = ">=1.13.3"
scipy = ">=0.19.1"
threadpoolctl = ">=2.0.0"

[package.extras]
benchmark = ["matplotlib (>=2.1.1)", "memory-profiler (>=0.57.0)", "pandas (>=0.25.0)"]
docs = ["Pillow (>=7.1.2)", "matplotlib (>=2.1.1)", "memory-profiler (>=0.57.0)", "numpydoc (>=1.0.0)", "pandas (>=0.25.0)", "scikit-image (>=0.13)", "seaborn (>=0.9.0)", "sphinx (>=3.2.0)", "sphinx-gallery (>=0.7.0)", "sphinx-prompt (>=1.3.0)"]
examples = ["matplotlib (>=2.1.1)", "pandas (>=0.25.0)", "scikit-image (>=0.13)", "seaborn (>=0.9.0)"]
tests = ["flake8 (>=3.8.2)", "matplotlib (>=2.1.1)", "mypy (>=0.770)", "pandas (>=0.25.0)", "pyamg (>=4.0.0)", "pytest (>=5.0.1)", "pytest-cov (>=2.9.0)", "scikit-image (>=0.13)"]

[[package]]
name = "scipy"
version = "1.0.1"
description = "SciPy: Scientific Library for Python"
optional = false
python-versions = ">=2.7,!=3.0.*,!=3.1.*,!=3.2.*,!=3.3.*"
files = [
    {file = "scipy-1.0.1-cp27-cp27m-macosx_10_6_intel.macosx_10_9_intel.macosx_10_9_x86_64.macosx_10_10_intel.macosx_10_10_x86_64.whl", hash = "sha256:3fab61f6ffbc1da9e1f8e813ba235929b5f361c1fdd728d120ead8f78560427c"},
    {file = "scipy-1.0.1-cp27-cp27m-manylinux1_i686.whl", hash = "sha256:4a9f5a3adbfd08dd047de48a6b436bd4dae364913aa5b6349a41e9eaeb774050"},
    {file = "scipy-1.0.1-cp27-cp27m-manylinux1_x86_64.whl", hash = "sha256:cc85b9d10a5da07a6b27449d17584b1a3d953f7286189f170a6045c6c297b0bc"},
    {file = "scipy-1.0.1-cp27-cp27mu-manylinux1_i686.whl", hash = "sha256:76f32095863f7eccecaf5224624d4c7f0f3b922b2cd0d0b0d6f037e4d9c54db6"},
    {file = "scipy-1.0.1-cp27-cp27mu-manylinux1_x86_64.whl", hash = "sha256:232a848a9935c37ffe2cade857296a13680724aef7d4623160dd08f99dbb9d02"},
    {file = "scipy-1.0.1-cp27-none-win32.whl", hash = "sha256:3eb28bdc6f40a964761c1cb339e45fef076ea2ca729886e1bce956932ef7e487"},
    {file = "scipy-1.0.1-cp27-none-win_amd64.whl", hash = "sha256:103fd8253fd3f0df3f50a554abc01b13bee1d70483f23bb03636a74b0a0cbc71"},
    {file = "scipy-1.0.1-cp34-cp34m-macosx_10_6_intel.macosx_10_9_intel.macosx_10_9_x86_64.macosx_10_10_intel.macosx_10_10_x86_64.whl", hash = "sha256:f26e54dcdeec3daff6ec71854a7b3bba719b78cf07e2d23645ee09d67a5e93df"},
    {file = "scipy-1.0.1-cp34-cp34m-manylinux1_i686.whl", hash = "sha256:a3287b438b3c13970c4851a34bbc82db11e4680d1d6cdedd066479ca83028042"},
    {file = "scipy-1.0.1-cp34-cp34m-manylinux1_x86_64.whl", hash = "sha256:200ca3dfebbd0bbacbc0d7389e6eda77428b49793cc1e0e3247f835687d1a6be"},
    {file = "scipy-1.0.1-cp34-none-win32.whl", hash = "sha256:f7c0624de958e2e2e6353813c78aa4f5f3f1ed0a3567fb496b6dad99f55e695e"},
    {file = "scipy-1.0.1-cp34-none-win_amd64.whl", hash = "sha256:544e6f7796b9c131f8f965967e806da187553abf5d7766278b96a2a76abd19a7"},
    {file = "scipy-1.0.1-cp35-cp35m-macosx_10_6_intel.macosx_10_9_intel.macosx_10_9_x86_64.macosx_10_10_intel.macosx_10_10_x86_64.whl", hash = "sha256:4a2837b07e77f8e2fc5303f38e224d7fd9f79f8cbf9c60ac72cf98594e1db6b5"},
    {file = "scipy-1.0.1-cp35-cp35m-manylinux1_i686.whl", hash = "sha256:11cddcfc348ef593feb4ffe4b69c18a064eca199602f751d34083838bdc2f05a"},
    {file = "scipy-1.0.1-cp35-cp35m-manylinux1_x86_64.whl", hash = "sha256:164f774de04e546fd10e1894d423b54e36255bb42887e005f0fbfb8eef6736f1"},
    {file = "scipy-1.0.1-cp35-none-win32.whl", hash = "sha256:800abaa55cfad422f00f5b3802403dd634ab9888f560731c09977a3c35e0acae"},
    {file = "scipy-1.0.1-cp35-none-win_amd64.whl", hash = "sha256:be6f0af3f591c100923158f3e3f0f12fa16a0b231616eda407c528e1f9e10014"},
    {file = "scipy-1.0.1-cp36-cp36m-macosx_10_6_intel.macosx_10_9_intel.macosx_10_9_x86_64.macosx_10_10_intel.macosx_10_10_x86_64.whl", hash = "sha256:1766acf2d8ff79ed59cae841d4272587af94772f513619dd217226027bd2ab76"},
    {file = "scipy-1.0.1-cp36-cp36m-manylinux1_i686.whl", hash = "sha256:f2a51f70ef868c03430ed40d8983daa2f38d2e2160a0de4b57b7d9d070912c76"},
    {file = "scipy-1.0.1-cp36-cp36m-manylinux1_x86_64.whl", hash = "sha256:89c1d2a80760a373e7f12f490446c60a7221b641435a789439e8ddb01f5ab7d4"},
    {file = "scipy-1.0.1-cp36-none-win32.whl", hash = "sha256:823a4b1a2eabd09f9e72003c14ceaac63f54d1f99a49f8c1b534f6a73135e995"},
    {file = "scipy-1.0.1-cp36-none-win_amd64.whl", hash = "sha256:cc04cf28b9f77255eeb612af41a6f207142f92a082555871f782c773c83b7789"},
    {file = "scipy-1.0.1.tar.gz", hash = "sha256:8739c67842ed9a1c34c62d6cca6301d0ade40d50ef14ba292bd331f0d6c940ba"},
]

[package.dependencies]
numpy = ">=1.8.2"

[[package]]
name = "threadpoolctl"
version = "3.1.0"
description = "threadpoolctl"
optional = false
python-versions = ">=3.6"
files = [
    {file = "threadpoolctl-3.1.0-py3-none-any.whl", hash = "sha256:8b99adda265feb6773280df41eece7b2e6561b772d21ffd52e372f999024907b"},
    {file = "threadpoolctl-3.1.0.tar.gz", hash = "sha256:a335baacfaa4400ae1f0d8e3a58d6674d2f8828e3716bb2802c44955ad391380"},
]

[metadata]
lock-version = "2.0"
python-versions = ">=3.6.8"
content-hash = "c55c6e3ae7fc603c0046ff9c8d90ea2477d9bdcc6e4947087a5d20c9128aaf75"
